
Microsoft Visual Studio Solution File, Format Version 12.00
# Visual Studio Version 17
VisualStudioVersion = 17.14.36518.9 d17.14
MinimumVisualStudioVersion = 10.0.40219.1
Project("{FAE04EC0-301F-11D3-BF4B-00C04F79EFBC}") = "MyCoreApp", "MyCoreApp\MyCoreApp.csproj", "{CC1E4213-6032-4AD4-9C05-C9D63FA4F0CD}"
EndProject
Global
	GlobalSection(SolutionConfigurationPlatforms) = preSolution
		Debug|Any CPU = Debug|Any CPU
		Release|Any CPU = Release|Any CPU
	EndGlobalSection
	GlobalSection(ProjectConfigurationPlatforms) = postSolution
		{CC1E4213-6032-4AD4-9C05-C9D63FA4F0CD}.Debug|Any CPU.ActiveCfg = Debug|Any CPU
		{CC1E4213-6032-4AD4-9C05-C9D63FA4F0CD}.Debug|Any CPU.Build.0 = Debug|Any CPU
		{CC1E4213-6032-4AD4-9C05-C9D63FA4F0CD}.Release|Any CPU.ActiveCfg = Release|Any CPU
		{CC1E4213-6032-4AD4-9C05-C9D63FA4F0CD}.Release|Any CPU.Build.0 = Release|Any CPU
	EndGlobalSection
	GlobalSection(SolutionProperties) = preSolution
		HideSolutionNode = FALSE
	EndGlobalSection
	GlobalSection(ExtensibilityGlobals) = postSolution
		SolutionGuid = {71424C86-C652-462A-8A5A-C2DD87658659}
	EndGlobalSection
EndGlobal
